// !$*UTF8*$!
{
	archiveVersion = 1;
	classes = {
	};
	objectVersion = 56;
	objects = {

/* Begin PBXBuildFile section */
		6D10A08A2BAABB3600294AFF /* Benefit.swift in Sources */ = {isa = PBXBuildFile; fileRef = 6D10A0892BAABB3600294AFF /* Benefit.swift */; };
		6D26337A2BA179130033DE0D /* TossBenefitTab_SwfitUIApp.swift in Sources */ = {isa = PBXBuildFile; fileRef = 6D2633792BA179130033DE0D /* TossBenefitTab_SwfitUIApp.swift */; };
		6D26337C2BA179130033DE0D /* MainView.swift in Sources */ = {isa = PBXBuildFile; fileRef = 6D26337B2BA179130033DE0D /* MainView.swift */; };
		6D26337E2BA179140033DE0D /* Assets.xcassets in Resources */ = {isa = PBXBuildFile; fileRef = 6D26337D2BA179140033DE0D /* Assets.xcassets */; };
		6D2633812BA179140033DE0D /* Preview Assets.xcassets in Resources */ = {isa = PBXBuildFile; fileRef = 6D2633802BA179140033DE0D /* Preview Assets.xcassets */; };
		6D26338B2BA179140033DE0D /* TossBenefitTab_SwfitUITests.swift in Sources */ = {isa = PBXBuildFile; fileRef = 6D26338A2BA179140033DE0D /* TossBenefitTab_SwfitUITests.swift */; };
		6D2633952BA179140033DE0D /* TossBenefitTab_SwfitUIUITests.swift in Sources */ = {isa = PBXBuildFile; fileRef = 6D2633942BA179140033DE0D /* TossBenefitTab_SwfitUIUITests.swift */; };
		6D2633972BA179140033DE0D /* TossBenefitTab_SwfitUIUITestsLaunchTests.swift in Sources */ = {isa = PBXBuildFile; fileRef = 6D2633962BA179140033DE0D /* TossBenefitTab_SwfitUIUITestsLaunchTests.swift */; };
/* End PBXBuildFile section */

/* Begin PBXContainerItemProxy section */
		6D2633872BA179140033DE0D /* PBXContainerItemProxy */ = {
			isa = PBXContainerItemProxy;
			containerPortal = 6D26336E2BA179130033DE0D /* Project object */;
			proxyType = 1;
			remoteGlobalIDString = 6D2633752BA179130033DE0D;
			remoteInfo = "TossBenefitTab-SwfitUI";
		};
		6D2633912BA179140033DE0D /* PBXContainerItemProxy */ = {
			isa = PBXContainerItemProxy;
			containerPortal = 6D26336E2BA179130033DE0D /* Project object */;
			proxyType = 1;
			remoteGlobalIDString = 6D2633752BA179130033DE0D;
			remoteInfo = "TossBenefitTab-SwfitUI";
		};
/* End PBXContainerItemProxy section */

/* Begin PBXFileReference section */
		6D10A0892BAABB3600294AFF /* Benefit.swift */ = {isa = PBXFileReference; lastKnownFileType = sourcecode.swift; path = Benefit.swift; sourceTree = "<group>"; };
		6D2633762BA179130033DE0D /* TossBenefitTab-SwfitUI.app */ = {isa = PBXFileReference; explicitFileType = wrapper.application; includeInIndex = 0; path = "TossBenefitTab-SwfitUI.app"; sourceTree = BUILT_PRODUCTS_DIR; };
		6D2633792BA179130033DE0D /* TossBenefitTab_SwfitUIApp.swift */ = {isa = PBXFileReference; lastKnownFileType = sourcecode.swift; path = TossBenefitTab_SwfitUIApp.swift; sourceTree = "<group>"; };
		6D26337B2BA179130033DE0D /* MainView.swift */ = {isa = PBXFileReference; lastKnownFileType = sourcecode.swift; path = MainView.swift; sourceTree = "<group>"; };
		6D26337D2BA179140033DE0D /* Assets.xcassets */ = {isa = PBXFileReference; lastKnownFileType = folder.assetcatalog; path = Assets.xcassets; sourceTree = "<group>"; };
		6D2633802BA179140033DE0D /* Preview Assets.xcassets */ = {isa = PBXFileReference; lastKnownFileType = folder.assetcatalog; path = "Preview Assets.xcassets"; sourceTree = "<group>"; };
		6D2633862BA179140033DE0D /* TossBenefitTab-SwfitUITests.xctest */ = {isa = PBXFileReference; explicitFileType = wrapper.cfbundle; includeInIndex = 0; path = "TossBenefitTab-SwfitUITests.xctest"; sourceTree = BUILT_PRODUCTS_DIR; };
		6D26338A2BA179140033DE0D /* TossBenefitTab_SwfitUITests.swift */ = {isa = PBXFileReference; lastKnownFileType = sourcecode.swift; path = TossBenefitTab_SwfitUITests.swift; sourceTree = "<group>"; };
		6D2633902BA179140033DE0D /* TossBenefitTab-SwfitUIUITests.xctest */ = {isa = PBXFileReference; explicitFileType = wrapper.cfbundle; includeInIndex = 0; path = "TossBenefitTab-SwfitUIUITests.xctest"; sourceTree = BUILT_PRODUCTS_DIR; };
		6D2633942BA179140033DE0D /* TossBenefitTab_SwfitUIUITests.swift */ = {isa = PBXFileReference; lastKnownFileType = sourcecode.swift; path = TossBenefitTab_SwfitUIUITests.swift; sourceTree = "<group>"; };
		6D2633962BA179140033DE0D /* TossBenefitTab_SwfitUIUITestsLaunchTests.swift */ = {isa = PBXFileReference; lastKnownFileType = sourcecode.swift; path = TossBenefitTab_SwfitUIUITestsLaunchTests.swift; sourceTree = "<group>"; };
/* End PBXFileReference section */

/* Begin PBXFrameworksBuildPhase section */
		6D2633732BA179130033DE0D /* Frameworks */ = {
			isa = PBXFrameworksBuildPhase;
			buildActionMask = 2147483647;
			files = (
			);
			runOnlyForDeploymentPostprocessing = 0;
		};
		6D2633832BA179140033DE0D /* Frameworks */ = {
			isa = PBXFrameworksBuildPhase;
			buildActionMask = 2147483647;
			files = (
			);
			runOnlyForDeploymentPostprocessing = 0;
		};
		6D26338D2BA179140033DE0D /* Frameworks */ = {
			isa = PBXFrameworksBuildPhase;
			buildActionMask = 2147483647;
			files = (
			);
			runOnlyForDeploymentPostprocessing = 0;
		};
/* End PBXFrameworksBuildPhase section */

/* Begin PBXGroup section */
		6D10A08B2BAABB3900294AFF /* Model */ = {
			isa = PBXGroup;
			children = (
				6D10A0892BAABB3600294AFF /* Benefit.swift */,
			);
			path = Model;
			sourceTree = "<group>";
		};
		6D26336D2BA179130033DE0D = {
			isa = PBXGroup;
			children = (
				6D2633782BA179130033DE0D /* TossBenefitTab-SwfitUI */,
				6D2633892BA179140033DE0D /* TossBenefitTab-SwfitUITests */,
				6D2633932BA179140033DE0D /* TossBenefitTab-SwfitUIUITests */,
				6D2633772BA179130033DE0D /* Products */,
			);
			sourceTree = "<group>";
		};
		6D2633772BA179130033DE0D /* Products */ = {
			isa = PBXGroup;
			children = (
				6D2633762BA179130033DE0D /* TossBenefitTab-SwfitUI.app */,
				6D2633862BA179140033DE0D /* TossBenefitTab-SwfitUITests.xctest */,
				6D2633902BA179140033DE0D /* TossBenefitTab-SwfitUIUITests.xctest */,
			);
			name = Products;
			sourceTree = "<group>";
		};
		6D2633782BA179130033DE0D /* TossBenefitTab-SwfitUI */ = {
			isa = PBXGroup;
			children = (
				6D2633792BA179130033DE0D /* TossBenefitTab_SwfitUIApp.swift */,
				6D26337B2BA179130033DE0D /* MainView.swift */,
				6D26337D2BA179140033DE0D /* Assets.xcassets */,
				6D26337F2BA179140033DE0D /* Preview Content */,
				6D10A08B2BAABB3900294AFF /* Model */,
			);
			path = "TossBenefitTab-SwfitUI";
			sourceTree = "<group>";
		};
		6D26337F2BA179140033DE0D /* Preview Content */ = {
			isa = PBXGroup;
			children = (
				6D2633802BA179140033DE0D /* Preview Assets.xcassets */,
			);
			path = "Preview Content";
			sourceTree = "<group>";
		};
		6D2633892BA179140033DE0D /* TossBenefitTab-SwfitUITests */ = {
			isa = PBXGroup;
			children = (
				6D26338A2BA179140033DE0D /* TossBenefitTab_SwfitUITests.swift */,
			);
			path = "TossBenefitTab-SwfitUITests";
			sourceTree = "<group>";
		};
		6D2633932BA179140033DE0D /* TossBenefitTab-SwfitUIUITests */ = {
			isa = PBXGroup;
			children = (
				6D2633942BA179140033DE0D /* TossBenefitTab_SwfitUIUITests.swift */,
				6D2633962BA179140033DE0D /* TossBenefitTab_SwfitUIUITestsLaunchTests.swift */,
			);
			path = "TossBenefitTab-SwfitUIUITests";
			sourceTree = "<group>";
		};
/* End PBXGroup section */

/* Begin PBXNativeTarget section */
		6D2633752BA179130033DE0D /* TossBenefitTab-SwfitUI */ = {
			isa = PBXNativeTarget;
			buildConfigurationList = 6D26339A2BA179140033DE0D /* Build configuration list for PBXNativeTarget "TossBenefitTab-SwfitUI" */;
			buildPhases = (
				6D2633722BA179130033DE0D /* Sources */,
				6D2633732BA179130033DE0D /* Frameworks */,
				6D2633742BA179130033DE0D /* Resources */,
			);
			buildRules = (
			);
			dependencies = (
			);
			name = "TossBenefitTab-SwfitUI";
			productName = "TossBenefitTab-SwfitUI";
			productReference = 6D2633762BA179130033DE0D /* TossBenefitTab-SwfitUI.app */;
			productType = "com.apple.product-type.application";
		};
		6D2633852BA179140033DE0D /* TossBenefitTab-SwfitUITests */ = {
			isa = PBXNativeTarget;
			buildConfigurationList = 6D26339D2BA179140033DE0D /* Build configuration list for PBXNativeTarget "TossBenefitTab-SwfitUITests" */;
			buildPhases = (
				6D2633822BA179140033DE0D /* Sources */,
				6D2633832BA179140033DE0D /* Frameworks */,
				6D2633842BA179140033DE0D /* Resources */,
			);
			buildRules = (
			);
			dependencies = (
				6D2633882BA179140033DE0D /* PBXTargetDependency */,
			);
			name = "TossBenefitTab-SwfitUITests";
			productName = "TossBenefitTab-SwfitUITests";
			productReference = 6D2633862BA179140033DE0D /* TossBenefitTab-SwfitUITests.xctest */;
			productType = "com.apple.product-type.bundle.unit-test";
		};
		6D26338F2BA179140033DE0D /* TossBenefitTab-SwfitUIUITests */ = {
			isa = PBXNativeTarget;
			buildConfigurationList = 6D2633A02BA179140033DE0D /* Build configuration list for PBXNativeTarget "TossBenefitTab-SwfitUIUITests" */;
			buildPhases = (
				6D26338C2BA179140033DE0D /* Sources */,
				6D26338D2BA179140033DE0D /* Frameworks */,
				6D26338E2BA179140033DE0D /* Resources */,
			);
			buildRules = (
			);
			dependencies = (
				6D2633922BA179140033DE0D /* PBXTargetDependency */,
			);
			name = "TossBenefitTab-SwfitUIUITests";
			productName = "TossBenefitTab-SwfitUIUITests";
			productReference = 6D2633902BA179140033DE0D /* TossBenefitTab-SwfitUIUITests.xctest */;
			productType = "com.apple.product-type.bundle.ui-testing";
		};
/* End PBXNativeTarget section */

/* Begin PBXProject section */
		6D26336E2BA179130033DE0D /* Project object */ = {
			isa = PBXProject;
			attributes = {
				BuildIndependentTargetsInParallel = 1;
				LastSwiftUpdateCheck = 1520;
				LastUpgradeCheck = 1520;
				TargetAttributes = {
					6D2633752BA179130033DE0D = {
						CreatedOnToolsVersion = 15.2;
					};
					6D2633852BA179140033DE0D = {
						CreatedOnToolsVersion = 15.2;
						TestTargetID = 6D2633752BA179130033DE0D;
					};
					6D26338F2BA179140033DE0D = {
						CreatedOnToolsVersion = 15.2;
						TestTargetID = 6D2633752BA179130033DE0D;
					};
				};
			};
			buildConfigurationList = 6D2633712BA179130033DE0D /* Build configuration list for PBXProject "TossBenefitTab-SwfitUI" */;
			compatibilityVersion = "Xcode 14.0";
			developmentRegion = en;
			hasScannedForEncodings = 0;
			knownRegions = (
				en,
				Base,
			);
			mainGroup = 6D26336D2BA179130033DE0D;
			productRefGroup = 6D2633772BA179130033DE0D /* Products */;
			projectDirPath = "";
			projectRoot = "";
			targets = (
				6D2633752BA179130033DE0D /* TossBenefitTab-SwfitUI */,
				6D2633852BA179140033DE0D /* TossBenefitTab-SwfitUITests */,
				6D26338F2BA179140033DE0D /* TossBenefitTab-SwfitUIUITests */,
			);
		};
/* End PBXProject section */

/* Begin PBXResourcesBuildPhase section */
		6D2633742BA179130033DE0D /* Resources */ = {
			isa = PBXResourcesBuildPhase;
			buildActionMask = 2147483647;
			files = (
				6D2633812BA179140033DE0D /* Preview Assets.xcassets in Resources */,
				6D26337E2BA179140033DE0D /* Assets.xcassets in Resources */,
			);
			runOnlyForDeploymentPostprocessing = 0;
		};
		6D2633842BA179140033DE0D /* Resources */ = {
			isa = PBXResourcesBuildPhase;
			buildActionMask = 2147483647;
			files = (
			);
			runOnlyForDeploymentPostprocessing = 0;
		};
		6D26338E2BA179140033DE0D /* Resources */ = {
			isa = PBXResourcesBuildPhase;
			buildActionMask = 2147483647;
			files = (
			);
			runOnlyForDeploymentPostprocessing = 0;
		};
/* End PBXResourcesBuildPhase section */

/* Begin PBXSourcesBuildPhase section */
		6D2633722BA179130033DE0D /* Sources */ = {
			isa = PBXSourcesBuildPhase;
			buildActionMask = 2147483647;
			files = (
				6D26337C2BA179130033DE0D /* MainView.swift in Sources */,
				6D26337A2BA179130033DE0D /* TossBenefitTab_SwfitUIApp.swift in Sources */,
				6D10A08A2BAABB3600294AFF /* Benefit.swift in Sources */,
			);
			runOnlyForDeploymentPostprocessing = 0;
		};
		6D2633822BA179140033DE0D /* Sources */ = {
			isa = PBXSourcesBuildPhase;
			buildActionMask = 2147483647;
			files = (
				6D26338B2BA179140033DE0D /* TossBenefitTab_SwfitUITests.swift in Sources */,
			);
			runOnlyForDeploymentPostprocessing = 0;
		};
		6D26338C2BA179140033DE0D /* Sources */ = {
			isa = PBXSourcesBuildPhase;
			buildActionMask = 2147483647;
			files = (
				6D2633952BA179140033DE0D /* TossBenefitTab_SwfitUIUITests.swift in Sources */,
				6D2633972BA179140033DE0D /* TossBenefitTab_SwfitUIUITestsLaunchTests.swift in Sources */,
			);
			runOnlyForDeploymentPostprocessing = 0;
		};
/* End PBXSourcesBuildPhase section */

/* Begin PBXTargetDependency section */
		6D2633882BA179140033DE0D /* PBXTargetDependency */ = {
			isa = PBXTargetDependency;
			target = 6D2633752BA179130033DE0D /* TossBenefitTab-SwfitUI */;
			targetProxy = 6D2633872BA179140033DE0D /* PBXContainerItemProxy */;
		};
		6D2633922BA179140033DE0D /* PBXTargetDependency */ = {
			isa = PBXTargetDependency;
			target = 6D2633752BA179130033DE0D /* TossBenefitTab-SwfitUI */;
			targetProxy = 6D2633912BA179140033DE0D /* PBXContainerItemProxy */;
		};
/* End PBXTargetDependency section */

/* Begin XCBuildConfiguration section */
		6D2633982BA179140033DE0D /* Debug */ = {
			isa = XCBuildConfiguration;
			buildSettings = {
				ALWAYS_SEARCH_USER_PATHS = NO;
				ASSETCATALOG_COMPILER_GENERATE_SWIFT_ASSET_SYMBOL_EXTENSIONS = YES;
				CLANG_ANALYZER_NONNULL = YES;
				CLANG_ANALYZER_NUMBER_OBJECT_CONVERSION = YES_AGGRESSIVE;
				CLANG_CXX_LANGUAGE_STANDARD = "gnu++20";
				CLANG_ENABLE_MODULES = YES;
				CLANG_ENABLE_OBJC_ARC = YES;
				CLANG_ENABLE_OBJC_WEAK = YES;
				CLANG_WARN_BLOCK_CAPTURE_AUTORELEASING = YES;
				CLANG_WARN_BOOL_CONVERSION = YES;
				CLANG_WARN_COMMA = YES;
				CLANG_WARN_CONSTANT_CONVERSION = YES;
				CLANG_WARN_DEPRECATED_OBJC_IMPLEMENTATIONS = YES;
				CLANG_WARN_DIRECT_OBJC_ISA_USAGE = YES_ERROR;
				CLANG_WARN_DOCUMENTATION_COMMENTS = YES;
				CLANG_WARN_EMPTY_BODY = YES;
				CLANG_WARN_ENUM_CONVERSION = YES;
				CLANG_WARN_INFINITE_RECURSION = YES;
				CLANG_WARN_INT_CONVERSION = YES;
				CLANG_WARN_NON_LITERAL_NULL_CONVERSION = YES;
				CLANG_WARN_OBJC_IMPLICIT_RETAIN_SELF = YES;
				CLANG_WARN_OBJC_LITERAL_CONVERSION = YES;
				CLANG_WARN_OBJC_ROOT_CLASS = YES_ERROR;
				CLANG_WARN_QUOTED_INCLUDE_IN_FRAMEWORK_HEADER = YES;
				CLANG_WARN_RANGE_LOOP_ANALYSIS = YES;
				CLANG_WARN_STRICT_PROTOTYPES = YES;
				CLANG_WARN_SUSPICIOUS_MOVE = YES;
				CLANG_WARN_UNGUARDED_AVAILABILITY = YES_AGGRESSIVE;
				CLANG_WARN_UNREACHABLE_CODE = YES;
				CLANG_WARN__DUPLICATE_METHOD_MATCH = YES;
				COPY_PHASE_STRIP = NO;
				DEBUG_INFORMATION_FORMAT = dwarf;
				ENABLE_STRICT_OBJC_MSGSEND = YES;
				ENABLE_TESTABILITY = YES;
				ENABLE_USER_SCRIPT_SANDBOXING = YES;
				GCC_C_LANGUAGE_STANDARD = gnu17;
				GCC_DYNAMIC_NO_PIC = NO;
				GCC_NO_COMMON_BLOCKS = YES;
				GCC_OPTIMIZATION_LEVEL = 0;
				GCC_PREPROCESSOR_DEFINITIONS = (
					"DEBUG=1",
					"$(inherited)",
				);
				GCC_WARN_64_TO_32_BIT_CONVERSION = YES;
				GCC_WARN_ABOUT_RETURN_TYPE = YES_ERROR;
				GCC_WARN_UNDECLARED_SELECTOR = YES;
				GCC_WARN_UNINITIALIZED_AUTOS = YES_AGGRESSIVE;
				GCC_WARN_UNUSED_FUNCTION = YES;
				GCC_WARN_UNUSED_VARIABLE = YES;
				IPHONEOS_DEPLOYMENT_TARGET = 17.2;
				LOCALIZATION_PREFERS_STRING_CATALOGS = YES;
				MTL_ENABLE_DEBUG_INFO = INCLUDE_SOURCE;
				MTL_FAST_MATH = YES;
				ONLY_ACTIVE_ARCH = YES;
				SDKROOT = iphoneos;
				SWIFT_ACTIVE_COMPILATION_CONDITIONS = "DEBUG $(inherited)";
				SWIFT_OPTIMIZATION_LEVEL = "-Onone";
			};
			name = Debug;
		};
		6D2633992BA179140033DE0D /* Release */ = {
			isa = XCBuildConfiguration;
			buildSettings = {
				ALWAYS_SEARCH_USER_PATHS = NO;
				ASSETCATALOG_COMPILER_GENERATE_SWIFT_ASSET_SYMBOL_EXTENSIONS = YES;
				CLANG_ANALYZER_NONNULL = YES;
				CLANG_ANALYZER_NUMBER_OBJECT_CONVERSION = YES_AGGRESSIVE;
				CLANG_CXX_LANGUAGE_STANDARD = "gnu++20";
				CLANG_ENABLE_MODULES = YES;
				CLANG_ENABLE_OBJC_ARC = YES;
				CLANG_ENABLE_OBJC_WEAK = YES;
				CLANG_WARN_BLOCK_CAPTURE_AUTORELEASING = YES;
				CLANG_WARN_BOOL_CONVERSION = YES;
				CLANG_WARN_COMMA = YES;
				CLANG_WARN_CONSTANT_CONVERSION = YES;
				CLANG_WARN_DEPRECATED_OBJC_IMPLEMENTATIONS = YES;
				CLANG_WARN_DIRECT_OBJC_ISA_USAGE = YES_ERROR;
				CLANG_WARN_DOCUMENTATION_COMMENTS = YES;
				CLANG_WARN_EMPTY_BODY = YES;
				CLANG_WARN_ENUM_CONVERSION = YES;
				CLANG_WARN_INFINITE_RECURSION = YES;
				CLANG_WARN_INT_CONVERSION = YES;
				CLANG_WARN_NON_LITERAL_NULL_CONVERSION = YES;
				CLANG_WARN_OBJC_IMPLICIT_RETAIN_SELF = YES;
				CLANG_WARN_OBJC_LITERAL_CONVERSION = YES;
				CLANG_WARN_OBJC_ROOT_CLASS = YES_ERROR;
				CLANG_WARN_QUOTED_INCLUDE_IN_FRAMEWORK_HEADER = YES;
				CLANG_WARN_RANGE_LOOP_ANALYSIS = YES;
				CLANG_WARN_STRICT_PROTOTYPES = YES;
				CLANG_WARN_SUSPICIOUS_MOVE = YES;
				CLANG_WARN_UNGUARDED_AVAILABILITY = YES_AGGRESSIVE;
				CLANG_WARN_UNREACHABLE_CODE = YES;
				CLANG_WARN__DUPLICATE_METHOD_MATCH = YES;
				COPY_PHASE_STRIP = NO;
				DEBUG_INFORMATION_FORMAT = "dwarf-with-dsym";
				ENABLE_NS_ASSERTIONS = NO;
				ENABLE_STRICT_OBJC_MSGSEND = YES;
				ENABLE_USER_SCRIPT_SANDBOXING = YES;
				GCC_C_LANGUAGE_STANDARD = gnu17;
				GCC_NO_COMMON_BLOCKS = YES;
				GCC_WARN_64_TO_32_BIT_CONVERSION = YES;
				GCC_WARN_ABOUT_RETURN_TYPE = YES_ERROR;
				GCC_WARN_UNDECLARED_SELECTOR = YES;
				GCC_WARN_UNINITIALIZED_AUTOS = YES_AGGRESSIVE;
				GCC_WARN_UNUSED_FUNCTION = YES;
				GCC_WARN_UNUSED_VARIABLE = YES;
				IPHONEOS_DEPLOYMENT_TARGET = 17.2;
				LOCALIZATION_PREFERS_STRING_CATALOGS = YES;
				MTL_ENABLE_DEBUG_INFO = NO;
				MTL_FAST_MATH = YES;
				SDKROOT = iphoneos;
				SWIFT_COMPILATION_MODE = wholemodule;
				VALIDATE_PRODUCT = YES;
			};
			name = Release;
		};
		6D26339B2BA179140033DE0D /* Debug */ = {
			isa = XCBuildConfiguration;
			buildSettings = {
				ASSETCATALOG_COMPILER_APPICON_NAME = AppIcon;
				ASSETCATALOG_COMPILER_GLOBAL_ACCENT_COLOR_NAME = AccentColor;
				CODE_SIGN_STYLE = Automatic;
				CURRENT_PROJECT_VERSION = 1;
				DEVELOPMENT_ASSET_PATHS = "\"TossBenefitTab-SwfitUI/Preview Content\"";
				DEVELOPMENT_TEAM = VQ4QQXQH97;
				ENABLE_PREVIEWS = YES;
				GENERATE_INFOPLIST_FILE = YES;
				INFOPLIST_KEY_UIApplicationSceneManifest_Generation = YES;
				INFOPLIST_KEY_UIApplicationSupportsIndirectInputEvents = YES;
				INFOPLIST_KEY_UILaunchScreen_Generation = YES;
				INFOPLIST_KEY_UISupportedInterfaceOrientations_iPad = "UIInterfaceOrientationPortrait UIInterfaceOrientationPortraitUpsideDown UIInterfaceOrientationLandscapeLeft UIInterfaceOrientationLandscapeRight";
				INFOPLIST_KEY_UISupportedInterfaceOrientations_iPhone = "UIInterfaceOrientationPortrait UIInterfaceOrientationLandscapeLeft UIInterfaceOrientationLandscapeRight";
				LD_RUNPATH_SEARCH_PATHS = (
					"$(inherited)",
					"@executable_path/Frameworks",
				);
				MARKETING_VERSION = 1.0;
				PRODUCT_BUNDLE_IDENTIFIER = "com.cube.TossBenefitTab-SwfitUI";
				PRODUCT_NAME = "$(TARGET_NAME)";
				SWIFT_EMIT_LOC_STRINGS = YES;
				SWIFT_VERSION = 5.0;
				TARGETED_DEVICE_FAMILY = "1,2";
			};
			name = Debug;
		};
		6D26339C2BA179140033DE0D /* Release */ = {
			isa = XCBuildConfiguration;
			buildSettings = {
				ASSETCATALOG_COMPILER_APPICON_NAME = AppIcon;
				ASSETCATALOG_COMPILER_GLOBAL_ACCENT_COLOR_NAME = AccentColor;
				CODE_SIGN_STYLE = Automatic;
				CURRENT_PROJECT_VERSION = 1;
				DEVELOPMENT_ASSET_PATHS = "\"TossBenefitTab-SwfitUI/Preview Content\"";
				DEVELOPMENT_TEAM = VQ4QQXQH97;
				ENABLE_PREVIEWS = YES;
				GENERATE_INFOPLIST_FILE = YES;
				INFOPLIST_KEY_UIApplicationSceneManifest_Generation = YES;
				INFOPLIST_KEY_UIApplicationSupportsIndirectInputEvents = YES;
				INFOPLIST_KEY_UILaunchScreen_Generation = YES;
				INFOPLIST_KEY_UISupportedInterfaceOrientations_iPad = "UIInterfaceOrientationPortrait UIInterfaceOrientationPortraitUpsideDown UIInterfaceOrientationLandscapeLeft UIInterfaceOrientationLandscapeRight";
				INFOPLIST_KEY_UISupportedInterfaceOrientations_iPhone = "UIInterfaceOrientationPortrait UIInterfaceOrientationLandscapeLeft UIInterfaceOrientationLandscapeRight";
				LD_RUNPATH_SEARCH_PATHS = (
					"$(inherited)",
					"@executable_path/Frameworks",
				);
				MARKETING_VERSION = 1.0;
				PRODUCT_BUNDLE_IDENTIFIER = "com.cube.TossBenefitTab-SwfitUI";
				PRODUCT_NAME = "$(TARGET_NAME)";
				SWIFT_EMIT_LOC_STRINGS = YES;
				SWIFT_VERSION = 5.0;
				TARGETED_DEVICE_FAMILY = "1,2";
			};
			name = Release;
		};
		6D26339E2BA179140033DE0D /* Debug */ = {
			isa = XCBuildConfiguration;
			buildSettings = {
				ALWAYS_EMBED_SWIFT_STANDARD_LIBRARIES = YES;
				BUNDLE_LOADER = "$(TEST_HOST)";
				CODE_SIGN_STYLE = Automatic;
				CURRENT_PROJECT_VERSION = 1;
				DEVELOPMENT_TEAM = VQ4QQXQH97;
				GENERATE_INFOPLIST_FILE = YES;
				IPHONEOS_DEPLOYMENT_TARGET = 17.2;
				MARKETING_VERSION = 1.0;
				PRODUCT_BUNDLE_IDENTIFIER = "com.cube.TossBenefitTab-SwfitUITests";
				PRODUCT_NAME = "$(TARGET_NAME)";
				SWIFT_EMIT_LOC_STRINGS = NO;
				SWIFT_VERSION = 5.0;
				TARGETED_DEVICE_FAMILY = "1,2";
				TEST_HOST = "$(BUILT_PRODUCTS_DIR)/TossBenefitTab-SwfitUI.app/$(BUNDLE_EXECUTABLE_FOLDER_PATH)/TossBenefitTab-SwfitUI";
			};
			name = Debug;
		};
		6D26339F2BA179140033DE0D /* Release */ = {
			isa = XCBuildConfiguration;
			buildSettings = {
				ALWAYS_EMBED_SWIFT_STANDARD_LIBRARIES = YES;
				BUNDLE_LOADER = "$(TEST_HOST)";
				CODE_SIGN_STYLE = Automatic;
				CURRENT_PROJECT_VERSION = 1;
				DEVELOPMENT_TEAM = VQ4QQXQH97;
				GENERATE_INFOPLIST_FILE = YES;
				IPHONEOS_DEPLOYMENT_TARGET = 17.2;
				MARKETING_VERSION = 1.0;
				PRODUCT_BUNDLE_IDENTIFIER = "com.cube.TossBenefitTab-SwfitUITests";
				PRODUCT_NAME = "$(TARGET_NAME)";
				SWIFT_EMIT_LOC_STRINGS = NO;
				SWIFT_VERSION = 5.0;
				TARGETED_DEVICE_FAMILY = "1,2";
				TEST_HOST = "$(BUILT_PRODUCTS_DIR)/TossBenefitTab-SwfitUI.app/$(BUNDLE_EXECUTABLE_FOLDER_PATH)/TossBenefitTab-SwfitUI";
			};
			name = Release;
		};
		6D2633A12BA179140033DE0D /* Debug */ = {
			isa = XCBuildConfiguration;
			buildSettings = {
				ALWAYS_EMBED_SWIFT_STANDARD_LIBRARIES = YES;
				CODE_SIGN_STYLE = Automatic;
				CURRENT_PROJECT_VERSION = 1;
				DEVELOPMENT_TEAM = VQ4QQXQH97;
				GENERATE_INFOPLIST_FILE = YES;
				MARKETING_VERSION = 1.0;
				PRODUCT_BUNDLE_IDENTIFIER = "com.cube.TossBenefitTab-SwfitUIUITests";
				PRODUCT_NAME = "$(TARGET_NAME)";
				SWIFT_EMIT_LOC_STRINGS = NO;
				SWIFT_VERSION = 5.0;
				TARGETED_DEVICE_FAMILY = "1,2";
				TEST_TARGET_NAME = "TossBenefitTab-SwfitUI";
			};
			name = Debug;
		};
		6D2633A22BA179140033DE0D /* Release */ = {
			isa = XCBuildConfiguration;
			buildSettings = {
				ALWAYS_EMBED_SWIFT_STANDARD_LIBRARIES = YES;
				CODE_SIGN_STYLE = Automatic;
				CURRENT_PROJECT_VERSION = 1;
				DEVELOPMENT_TEAM = VQ4QQXQH97;
				GENERATE_INFOPLIST_FILE = YES;
				MARKETING_VERSION = 1.0;
				PRODUCT_BUNDLE_IDENTIFIER = "com.cube.TossBenefitTab-SwfitUIUITests";
				PRODUCT_NAME = "$(TARGET_NAME)";
				SWIFT_EMIT_LOC_STRINGS = NO;
				SWIFT_VERSION = 5.0;
				TARGETED_DEVICE_FAMILY = "1,2";
				TEST_TARGET_NAME = "TossBenefitTab-SwfitUI";
			};
			name = Release;
		};
/* End XCBuildConfiguration section */

/* Begin XCConfigurationList section */
		6D2633712BA179130033DE0D /* Build configuration list for PBXProject "TossBenefitTab-SwfitUI" */ = {
			isa = XCConfigurationList;
			buildConfigurations = (
				6D2633982BA179140033DE0D /* Debug */,
				6D2633992BA179140033DE0D /* Release */,
			);
			defaultConfigurationIsVisible = 0;
			defaultConfigurationName = Release;
		};
		6D26339A2BA179140033DE0D /* Build configuration list for PBXNativeTarget "TossBenefitTab-SwfitUI" */ = {
			isa = XCConfigurationList;
			buildConfigurations = (
				6D26339B2BA179140033DE0D /* Debug */,
				6D26339C2BA179140033DE0D /* Release */,
			);
			defaultConfigurationIsVisible = 0;
			defaultConfigurationName = Release;
		};
		6D26339D2BA179140033DE0D /* Build configuration list for PBXNativeTarget "TossBenefitTab-SwfitUITests" */ = {
			isa = XCConfigurationList;
			buildConfigurations = (
				6D26339E2BA179140033DE0D /* Debug */,
				6D26339F2BA179140033DE0D /* Release */,
			);
			defaultConfigurationIsVisible = 0;
			defaultConfigurationName = Release;
		};
		6D2633A02BA179140033DE0D /* Build configuration list for PBXNativeTarget "TossBenefitTab-SwfitUIUITests" */ = {
			isa = XCConfigurationList;
			buildConfigurations = (
				6D2633A12BA179140033DE0D /* Debug */,
				6D2633A22BA179140033DE0D /* Release */,
			);
			defaultConfigurationIsVisible = 0;
			defaultConfigurationName = Release;
		};
/* End XCConfigurationList section */
	};
	rootObject = 6D26336E2BA179130033DE0D /* Project object */;
}
